// !$*UTF8*$!
{
	archiveVersion = 1;
	classes = {
	};
	objectVersion = 50;
	objects = {

/* Begin PBXBuildFile section */
		CF0424BB25302FA800CC8621 /* AppDelegate.swift in Sources */ = {isa = PBXBuildFile; fileRef = CF0424BA25302FA800CC8621 /* AppDelegate.swift */; };
		CF0424BD25302FA800CC8621 /* SceneDelegate.swift in Sources */ = {isa = PBXBuildFile; fileRef = CF0424BC25302FA800CC8621 /* SceneDelegate.swift */; };
		CF0424BF25302FA800CC8621 /* ViewController.swift in Sources */ = {isa = PBXBuildFile; fileRef = CF0424BE25302FA800CC8621 /* ViewController.swift */; };
		CF0424C225302FA800CC8621 /* Main.storyboard in Resources */ = {isa = PBXBuildFile; fileRef = CF0424C025302FA800CC8621 /* Main.storyboard */; };
		CF0424C425302FA900CC8621 /* Assets.xcassets in Resources */ = {isa = PBXBuildFile; fileRef = CF0424C325302FA900CC8621 /* Assets.xcassets */; };
		CF0424C725302FA900CC8621 /* LaunchScreen.storyboard in Resources */ = {isa = PBXBuildFile; fileRef = CF0424C525302FA900CC8621 /* LaunchScreen.storyboard */; };
		CF0424CF2530323C00CC8621 /* ResultViewController.swift in Sources */ = {isa = PBXBuildFile; fileRef = CF0424CE2530323C00CC8621 /* ResultViewController.swift */; };
/* End PBXBuildFile section */

/* Begin PBXFileReference section */
		CF0424B725302FA800CC8621 /* SecondKadaiApp2.app */ = {isa = PBXFileReference; explicitFileType = wrapper.application; includeInIndex = 0; path = SecondKadaiApp2.app; sourceTree = BUILT_PRODUCTS_DIR; };
		CF0424BA25302FA800CC8621 /* AppDelegate.swift */ = {isa = PBXFileReference; lastKnownFileType = sourcecode.swift; path = AppDelegate.swift; sourceTree = "<group>"; };
		CF0424BC25302FA800CC8621 /* SceneDelegate.swift */ = {isa = PBXFileReference; lastKnownFileType = sourcecode.swift; path = SceneDelegate.swift; sourceTree = "<group>"; };
		CF0424BE25302FA800CC8621 /* ViewController.swift */ = {isa = PBXFileReference; lastKnownFileType = sourcecode.swift; path = ViewController.swift; sourceTree = "<group>"; };
		CF0424C125302FA800CC8621 /* Base */ = {isa = PBXFileReference; lastKnownFileType = file.storyboard; name = Base; path = Base.lproj/Main.storyboard; sourceTree = "<group>"; };
		CF0424C325302FA900CC8621 /* Assets.xcassets */ = {isa = PBXFileReference; lastKnownFileType = folder.assetcatalog; path = Assets.xcassets; sourceTree = "<group>"; };
		CF0424C625302FA900CC8621 /* Base */ = {isa = PBXFileReference; lastKnownFileType = file.storyboard; name = Base; path = Base.lproj/LaunchScreen.storyboard; sourceTree = "<group>"; };
		CF0424C825302FA900CC8621 /* Info.plist */ = {isa = PBXFileReference; lastKnownFileType = text.plist.xml; path = Info.plist; sourceTree = "<group>"; };
		CF0424CE2530323C00CC8621 /* ResultViewController.swift */ = {isa = PBXFileReference; lastKnownFileType = sourcecode.swift; path = ResultViewController.swift; sourceTree = "<group>"; };
/* End PBXFileReference section */

/* Begin PBXFrameworksBuildPhase section */
		CF0424B425302FA800CC8621 /* Frameworks */ = {
			isa = PBXFrameworksBuildPhase;
			buildActionMask = 2147483647;
			files = (
			);
			runOnlyForDeploymentPostprocessing = 0;
		};
/* End PBXFrameworksBuildPhase section */

/* Begin PBXGroup section */
		CF0424AE25302FA800CC8621 = {
			isa = PBXGroup;
			children = (
				CF0424B925302FA800CC8621 /* SecondKadaiApp2 */,
				CF0424B825302FA800CC8621 /* Products */,
			);
			sourceTree = "<group>";
		};
		CF0424B825302FA800CC8621 /* Products */ = {
			isa = PBXGroup;
			children = (
				CF0424B725302FA800CC8621 /* SecondKadaiApp2.app */,
			);
			name = Products;
			sourceTree = "<group>";
		};
		CF0424B925302FA800CC8621 /* SecondKadaiApp2 */ = {
			isa = PBXGroup;
			children = (
				CF0424BA25302FA800CC8621 /* AppDelegate.swift */,
				CF0424BC25302FA800CC8621 /* SceneDelegate.swift */,
				CF0424BE25302FA800CC8621 /* ViewController.swift */,
				CF0424CE2530323C00CC8621 /* ResultViewController.swift */,
				CF0424C025302FA800CC8621 /* Main.storyboard */,
				CF0424C325302FA900CC8621 /* Assets.xcassets */,
				CF0424C525302FA900CC8621 /* LaunchScreen.storyboard */,
				CF0424C825302FA900CC8621 /* Info.plist */,
			);
			path = SecondKadaiApp2;
			sourceTree = "<group>";
		};
/* End PBXGroup section */

/* Begin PBXNativeTarget section */
		CF0424B625302FA800CC8621 /* SecondKadaiApp2 */ = {
			isa = PBXNativeTarget;
			buildConfigurationList = CF0424CB25302FA900CC8621 /* Build configuration list for PBXNativeTarget "SecondKadaiApp2" */;
			buildPhases = (
				CF0424B325302FA800CC8621 /* Sources */,
				CF0424B425302FA800CC8621 /* Frameworks */,
				CF0424B525302FA800CC8621 /* Resources */,
			);
			buildRules = (
			);
			dependencies = (
			);
			name = SecondKadaiApp2;
			productName = SecondKadaiApp2;
			productReference = CF0424B725302FA800CC8621 /* SecondKadaiApp2.app */;
			productType = "com.apple.product-type.application";
		};
/* End PBXNativeTarget section */

/* Begin PBXProject section */
		CF0424AF25302FA800CC8621 /* Project object */ = {
			isa = PBXProject;
			attributes = {
				LastSwiftUpdateCheck = 1150;
				LastUpgradeCheck = 1150;
				ORGANIZATIONNAME = kei.tsuruoka;
				TargetAttributes = {
					CF0424B625302FA800CC8621 = {
						CreatedOnToolsVersion = 11.5;
					};
				};
			};
			buildConfigurationList = CF0424B225302FA800CC8621 /* Build configuration list for PBXProject "SecondKadaiApp2" */;
			compatibilityVersion = "Xcode 9.3";
			developmentRegion = en;
			hasScannedForEncodings = 0;
			knownRegions = (
				en,
				Base,
			);
			mainGroup = CF0424AE25302FA800CC8621;
			productRefGroup = CF0424B825302FA800CC8621 /* Products */;
			projectDirPath = "";
			projectRoot = "";
			targets = (
				CF0424B625302FA800CC8621 /* SecondKadaiApp2 */,
			);
		};
/* End PBXProject section */

/* Begin PBXResourcesBuildPhase section */
		CF0424B525302FA800CC8621 /* Resources */ = {
			isa = PBXResourcesBuildPhase;
			buildActionMask = 2147483647;
			files = (
				CF0424C725302FA900CC8621 /* LaunchScreen.storyboard in Resources */,
				CF0424C425302FA900CC8621 /* Assets.xcassets in Resources */,
				CF0424C225302FA800CC8621 /* Main.storyboard in Resources */,
			);
			runOnlyForDeploymentPostprocessing = 0;
		};
/* End PBXResourcesBuildPhase section */

/* Begin PBXSourcesBuildPhase section */
		CF0424B325302FA800CC8621 /* Sources */ = {
			isa = PBXSourcesBuildPhase;
			buildActionMask = 2147483647;
			files = (
				CF0424BF25302FA800CC8621 /* ViewController.swift in Sources */,
				CF0424BB25302FA800CC8621 /* AppDelegate.swift in Sources */,
				CF0424BD25302FA800CC8621 /* SceneDelegate.swift in Sources */,
				CF0424CF2530323C00CC8621 /* ResultViewController.swift in Sources */,
			);
			runOnlyForDeploymentPostprocessing = 0;
		};
/* End PBXSourcesBuildPhase section */

/* Begin PBXVariantGroup section */
		CF0424C025302FA800CC8621 /* Main.storyboard */ = {
			isa = PBXVariantGroup;
			children = (
				CF0424C125302FA800CC8621 /* Base */,
			);
			name = Main.storyboard;
			sourceTree = "<group>";
		};
		CF0424C525302FA900CC8621 /* LaunchScreen.storyboard */ = {
			isa = PBXVariantGroup;
			children = (
				CF0424C625302FA900CC8621 /* Base */,
			);
			name = LaunchScreen.storyboard;
			sourceTree = "<group>";
		};
/* End PBXVariantGroup section */

/* Begin XCBuildConfiguration section */
		CF0424C925302FA900CC8621 /* Debug */ = {
			isa = XCBuildConfiguration;
			buildSettings = {
				ALWAYS_SEARCH_USER_PATHS = NO;
				CLANG_ANALYZER_NONNULL = YES;
				CLANG_ANALYZER_NUMBER_OBJECT_CONVERSION = YES_AGGRESSIVE;
				CLANG_CXX_LANGUAGE_STANDARD = "gnu++14";
				CLANG_CXX_LIBRARY = "libc++";
				CLANG_ENABLE_MODULES = YES;
				CLANG_ENABLE_OBJC_ARC = YES;
				CLANG_ENABLE_OBJC_WEAK = YES;
				CLANG_WARN_BLOCK_CAPTURE_AUTORELEASING = YES;
				CLANG_WARN_BOOL_CONVERSION = YES;
				CLANG_WARN_COMMA = YES;
				CLANG_WARN_CONSTANT_CONVERSION = YES;
				CLANG_WARN_DEPRECATED_OBJC_IMPLEMENTATIONS = YES;
				CLANG_WARN_DIRECT_OBJC_ISA_USAGE = YES_ERROR;
				CLANG_WARN_DOCUMENTATION_COMMENTS = YES;
				CLANG_WARN_EMPTY_BODY = YES;
				CLANG_WARN_ENUM_CONVERSION = YES;
				CLANG_WARN_INFINITE_RECURSION = YES;
				CLANG_WARN_INT_CONVERSION = YES;
				CLANG_WARN_NON_LITERAL_NULL_CONVERSION = YES;
				CLANG_WARN_OBJC_IMPLICIT_RETAIN_SELF = YES;
				CLANG_WARN_OBJC_LITERAL_CONVERSION = YES;
				CLANG_WARN_OBJC_ROOT_CLASS = YES_ERROR;
				CLANG_WARN_RANGE_LOOP_ANALYSIS = YES;
				CLANG_WARN_STRICT_PROTOTYPES = YES;
				CLANG_WARN_SUSPICIOUS_MOVE = YES;
				CLANG_WARN_UNGUARDED_AVAILABILITY = YES_AGGRESSIVE;
				CLANG_WARN_UNREACHABLE_CODE = YES;
				CLANG_WARN__DUPLICATE_METHOD_MATCH = YES;
				COPY_PHASE_STRIP = NO;
				DEBUG_INFORMATION_FORMAT = dwarf;
				ENABLE_STRICT_OBJC_MSGSEND = YES;
				ENABLE_TESTABILITY = YES;
				GCC_C_LANGUAGE_STANDARD = gnu11;
				GCC_DYNAMIC_NO_PIC = NO;
				GCC_NO_COMMON_BLOCKS = YES;
				GCC_OPTIMIZATION_LEVEL = 0;
				GCC_PREPROCESSOR_DEFINITIONS = (
					"DEBUG=1",
					"$(inherited)",
				);
				GCC_WARN_64_TO_32_BIT_CONVERSION = YES;
				GCC_WARN_ABOUT_RETURN_TYPE = YES_ERROR;
				GCC_WARN_UNDECLARED_SELECTOR = YES;
				GCC_WARN_UNINITIALIZED_AUTOS = YES_AGGRESSIVE;
				GCC_WARN_UNUSED_FUNCTION = YES;
				GCC_WARN_UNUSED_VARIABLE = YES;
				IPHONEOS_DEPLOYMENT_TARGET = 13.5;
				MTL_ENABLE_DEBUG_INFO = INCLUDE_SOURCE;
				MTL_FAST_MATH = YES;
				ONLY_ACTIVE_ARCH = YES;
				SDKROOT = iphoneos;
				SWIFT_ACTIVE_COMPILATION_CONDITIONS = DEBUG;
				SWIFT_OPTIMIZATION_LEVEL = "-Onone";
			};
			name = Debug;
		};
		CF0424CA25302FA900CC8621 /* Release */ = {
			isa = XCBuildConfiguration;
			buildSettings = {
				ALWAYS_SEARCH_USER_PATHS = NO;
				CLANG_ANALYZER_NONNULL = YES;
				CLANG_ANALYZER_NUMBER_OBJECT_CONVERSION = YES_AGGRESSIVE;
				CLANG_CXX_LANGUAGE_STANDARD = "gnu++14";
				CLANG_CXX_LIBRARY = "libc++";
				CLANG_ENABLE_MODULES = YES;
				CLANG_ENABLE_OBJC_ARC = YES;
				CLANG_ENABLE_OBJC_WEAK = YES;
				CLANG_WARN_BLOCK_CAPTURE_AUTORELEASING = YES;
				CLANG_WARN_BOOL_CONVERSION = YES;
				CLANG_WARN_COMMA = YES;
				CLANG_WARN_CONSTANT_CONVERSION = YES;
				CLANG_WARN_DEPRECATED_OBJC_IMPLEMENTATIONS = YES;
				CLANG_WARN_DIRECT_OBJC_ISA_USAGE = YES_ERROR;
				CLANG_WARN_DOCUMENTATION_COMMENTS = YES;
				CLANG_WARN_EMPTY_BODY = YES;
				CLANG_WARN_ENUM_CONVERSION = YES;
				CLANG_WARN_INFINITE_RECURSION = YES;
				CLANG_WARN_INT_CONVERSION = YES;
				CLANG_WARN_NON_LITERAL_NULL_CONVERSION = YES;
				CLANG_WARN_OBJC_IMPLICIT_RETAIN_SELF = YES;
				CLANG_WARN_OBJC_LITERAL_CONVERSION = YES;
				CLANG_WARN_OBJC_ROOT_CLASS = YES_ERROR;
				CLANG_WARN_RANGE_LOOP_ANALYSIS = YES;
				CLANG_WARN_STRICT_PROTOTYPES = YES;
				CLANG_WARN_SUSPICIOUS_MOVE = YES;
				CLANG_WARN_UNGUARDED_AVAILABILITY = YES_AGGRESSIVE;
				CLANG_WARN_UNREACHABLE_CODE = YES;
				CLANG_WARN__DUPLICATE_METHOD_MATCH = YES;
				COPY_PHASE_STRIP = NO;
				DEBUG_INFORMATION_FORMAT = "dwarf-with-dsym";
				ENABLE_NS_ASSERTIONS = NO;
				ENABLE_STRICT_OBJC_MSGSEND = YES;
				GCC_C_LANGUAGE_STANDARD = gnu11;
				GCC_NO_COMMON_BLOCKS = YES;
				GCC_WARN_64_TO_32_BIT_CONVERSION = YES;
				GCC_WARN_ABOUT_RETURN_TYPE = YES_ERROR;
				GCC_WARN_UNDECLARED_SELECTOR = YES;
				GCC_WARN_UNINITIALIZED_AUTOS = YES_AGGRESSIVE;
				GCC_WARN_UNUSED_FUNCTION = YES;
				GCC_WARN_UNUSED_VARIABLE = YES;
				IPHONEOS_DEPLOYMENT_TARGET = 13.5;
				MTL_ENABLE_DEBUG_INFO = NO;
				MTL_FAST_MATH = YES;
				SDKROOT = iphoneos;
				SWIFT_COMPILATION_MODE = wholemodule;
				SWIFT_OPTIMIZATION_LEVEL = "-O";
				VALIDATE_PRODUCT = YES;
			};
			name = Release;
		};
		CF0424CC25302FA900CC8621 /* Debug */ = {
			isa = XCBuildConfiguration;
			buildSettings = {
				ASSETCATALOG_COMPILER_APPICON_NAME = AppIcon;
				CODE_SIGN_STYLE = Automatic;
				DEVELOPMENT_TEAM = UBVMBK6J5Y;
				INFOPLIST_FILE = SecondKadaiApp2/Info.plist;
				LD_RUNPATH_SEARCH_PATHS = (
					"$(inherited)",
					"@executable_path/Frameworks",
				);
				PRODUCT_BUNDLE_IDENTIFIER = jp.techacademy.kei.tsuruoka.SecondKadaiApp2;
				PRODUCT_NAME = "$(TARGET_NAME)";
				SWIFT_VERSION = 5.0;
				TARGETED_DEVICE_FAMILY = "1,2";
			};
			name = Debug;
		};
		CF0424CD25302FA900CC8621 /* Release */ = {
			isa = XCBuildConfiguration;
			buildSettings = {
				ASSETCATALOG_COMPILER_APPICON_NAME = AppIcon;
				CODE_SIGN_STYLE = Automatic;
				DEVELOPMENT_TEAM = UBVMBK6J5Y;
				INFOPLIST_FILE = SecondKadaiApp2/Info.plist;
				LD_RUNPATH_SEARCH_PATHS = (
					"$(inherited)",
					"@executable_path/Frameworks",
				);
				PRODUCT_BUNDLE_IDENTIFIER = jp.techacademy.kei.tsuruoka.SecondKadaiApp2;
				PRODUCT_NAME = "$(TARGET_NAME)";
				SWIFT_VERSION = 5.0;
				TARGETED_DEVICE_FAMILY = "1,2";
			};
			name = Release;
		};
/* End XCBuildConfiguration section */

/* Begin XCConfigurationList section */
		CF0424B225302FA800CC8621 /* Build configuration list for PBXProject "SecondKadaiApp2" */ = {
			isa = XCConfigurationList;
			buildConfigurations = (
				CF0424C925302FA900CC8621 /* Debug */,
				CF0424CA25302FA900CC8621 /* Release */,
			);
			defaultConfigurationIsVisible = 0;
			defaultConfigurationName = Release;
		};
		CF0424CB25302FA900CC8621 /* Build configuration list for PBXNativeTarget "SecondKadaiApp2" */ = {
			isa = XCConfigurationList;
			buildConfigurations = (
				CF0424CC25302FA900CC8621 /* Debug */,
				CF0424CD25302FA900CC8621 /* Release */,
			);
			defaultConfigurationIsVisible = 0;
			defaultConfigurationName = Release;
		};
/* End XCConfigurationList section */
	};
	rootObject = CF0424AF25302FA800CC8621 /* Project object */;
}
